
Microsoft Visual Studio Solution File, Format Version 12.00
# Visual Studio Version 17
VisualStudioVersion = 17.8.34309.116
MinimumVisualStudioVersion = 10.0.40219.1
Project("{9A19103F-16F7-4668-BE54-9A1E7A4F7556}") = "T05.MovieRatings", "T05.MovieRatings\T05.MovieRatings.csproj", "{33E45485-9C12-4D07-8AD1-5EA5FE834F1E}"
EndProject
Project("{9A19103F-16F7-4668-BE54-9A1E7A4F7556}") = "T01.OscarsCeremony", "T01.OscarsCeremony\T01.OscarsCeremony.csproj", "{7C763FA5-0142-4E67-9747-6C8CE5AF9398}"
EndProject
Global
	GlobalSection(SolutionConfigurationPlatforms) = preSolution
		Debug|Any CPU = Debug|Any CPU
		Release|Any CPU = Release|Any CPU
	EndGlobalSection
	GlobalSection(ProjectConfigurationPlatforms) = postSolution
		{33E45485-9C12-4D07-8AD1-5EA5FE834F1E}.Debug|Any CPU.ActiveCfg = Debug|Any CPU
		{33E45485-9C12-4D07-8AD1-5EA5FE834F1E}.Debug|Any CPU.Build.0 = Debug|Any CPU
		{33E45485-9C12-4D07-8AD1-5EA5FE834F1E}.Release|Any CPU.ActiveCfg = Release|Any CPU
		{33E45485-9C12-4D07-8AD1-5EA5FE834F1E}.Release|Any CPU.Build.0 = Release|Any CPU
		{7C763FA5-0142-4E67-9747-6C8CE5AF9398}.Debug|Any CPU.ActiveCfg = Debug|Any CPU
		{7C763FA5-0142-4E67-9747-6C8CE5AF9398}.Debug|Any CPU.Build.0 = Debug|Any CPU
		{7C763FA5-0142-4E67-9747-6C8CE5AF9398}.Release|Any CPU.ActiveCfg = Release|Any CPU
		{7C763FA5-0142-4E67-9747-6C8CE5AF9398}.Release|Any CPU.Build.0 = Release|Any CPU
	EndGlobalSection
	GlobalSection(SolutionProperties) = preSolution
		HideSolutionNode = FALSE
	EndGlobalSection
	GlobalSection(ExtensibilityGlobals) = postSolution
		SolutionGuid = {34DE7E8E-8B38-4EB3-BB8D-98558CF6A8C3}
	EndGlobalSection
EndGlobal
