
Microsoft Visual Studio Solution File, Format Version 12.00
# Visual Studio Version 17
VisualStudioVersion = 17.8.34309.116
MinimumVisualStudioVersion = 10.0.40219.1
Project("{9A19103F-16F7-4668-BE54-9A1E7A4F7556}") = "T03.Gymnastics", "T03.Gymnastics\T03.Gymnastics.csproj", "{82951707-2959-45DF-87D0-3EDBF1DE26F6}"
EndProject
Project("{9A19103F-16F7-4668-BE54-9A1E7A4F7556}") = "T04.Darts", "T04.Darts\T04.Darts.csproj", "{5A992326-DF1F-40D9-BD35-7478E43D646B}"
EndProject
Global
	GlobalSection(SolutionConfigurationPlatforms) = preSolution
		Debug|Any CPU = Debug|Any CPU
		Release|Any CPU = Release|Any CPU
	EndGlobalSection
	GlobalSection(ProjectConfigurationPlatforms) = postSolution
		{82951707-2959-45DF-87D0-3EDBF1DE26F6}.Debug|Any CPU.ActiveCfg = Debug|Any CPU
		{82951707-2959-45DF-87D0-3EDBF1DE26F6}.Debug|Any CPU.Build.0 = Debug|Any CPU
		{82951707-2959-45DF-87D0-3EDBF1DE26F6}.Release|Any CPU.ActiveCfg = Release|Any CPU
		{82951707-2959-45DF-87D0-3EDBF1DE26F6}.Release|Any CPU.Build.0 = Release|Any CPU
		{5A992326-DF1F-40D9-BD35-7478E43D646B}.Debug|Any CPU.ActiveCfg = Debug|Any CPU
		{5A992326-DF1F-40D9-BD35-7478E43D646B}.Debug|Any CPU.Build.0 = Debug|Any CPU
		{5A992326-DF1F-40D9-BD35-7478E43D646B}.Release|Any CPU.ActiveCfg = Release|Any CPU
		{5A992326-DF1F-40D9-BD35-7478E43D646B}.Release|Any CPU.Build.0 = Release|Any CPU
	EndGlobalSection
	GlobalSection(SolutionProperties) = preSolution
		HideSolutionNode = FALSE
	EndGlobalSection
	GlobalSection(ExtensibilityGlobals) = postSolution
		SolutionGuid = {34DE7E8E-8B38-4EB3-BB8D-98558CF6A8C3}
	EndGlobalSection
EndGlobal
