
Microsoft Visual Studio Solution File, Format Version 12.00
# Visual Studio Version 16
VisualStudioVersion = 16.0.30907.101
MinimumVisualStudioVersion = 10.0.40219.1
Project("{FAE04EC0-301F-11D3-BF4B-00C04F79EFBC}") = "BirthDayParty", "BirthDayParty\BirthDayParty.csproj", "{D4CB06D2-6AAB-460D-8950-960FEC245216}"
EndProject
Global
	GlobalSection(SolutionConfigurationPlatforms) = preSolution
		Debug|Any CPU = Debug|Any CPU
		Release|Any CPU = Release|Any CPU
	EndGlobalSection
	GlobalSection(ProjectConfigurationPlatforms) = postSolution
		{D4CB06D2-6AAB-460D-8950-960FEC245216}.Debug|Any CPU.ActiveCfg = Debug|Any CPU
		{D4CB06D2-6AAB-460D-8950-960FEC245216}.Debug|Any CPU.Build.0 = Debug|Any CPU
		{D4CB06D2-6AAB-460D-8950-960FEC245216}.Release|Any CPU.ActiveCfg = Release|Any CPU
		{D4CB06D2-6AAB-460D-8950-960FEC245216}.Release|Any CPU.Build.0 = Release|Any CPU
	EndGlobalSection
	GlobalSection(SolutionProperties) = preSolution
		HideSolutionNode = FALSE
	EndGlobalSection
	GlobalSection(ExtensibilityGlobals) = postSolution
		SolutionGuid = {4A6C2195-C648-4EA7-A81F-91EE913F2E2D}
	EndGlobalSection
EndGlobal
